
Microsoft Visual Studio Solution File, Format Version 12.00
# Visual Studio Version 16
VisualStudioVersion = 25.0.1706.9
MinimumVisualStudioVersion = 10.0.40219.1
Project("{FAE04EC0-301F-11D3-BF4B-00C04F79EFBC}") = "BlazorMatchGame", "BlazorMatchGame\BlazorMatchGame.csproj", "{39BDF9E7-5FA1-4C1C-B412-92337EE1B6B6}"
EndProject
Global
	GlobalSection(SolutionConfigurationPlatforms) = preSolution
		Debug|Any CPU = Debug|Any CPU
		Release|Any CPU = Release|Any CPU
	EndGlobalSection
	GlobalSection(ProjectConfigurationPlatforms) = postSolution
		{39BDF9E7-5FA1-4C1C-B412-92337EE1B6B6}.Debug|Any CPU.ActiveCfg = Debug|Any CPU
		{39BDF9E7-5FA1-4C1C-B412-92337EE1B6B6}.Debug|Any CPU.Build.0 = Debug|Any CPU
		{39BDF9E7-5FA1-4C1C-B412-92337EE1B6B6}.Release|Any CPU.ActiveCfg = Release|Any CPU
		{39BDF9E7-5FA1-4C1C-B412-92337EE1B6B6}.Release|Any CPU.Build.0 = Release|Any CPU
	EndGlobalSection
	GlobalSection(SolutionProperties) = preSolution
		HideSolutionNode = FALSE
	EndGlobalSection
	GlobalSection(ExtensibilityGlobals) = postSolution
		SolutionGuid = {8D99E18F-489A-4841-BB8B-3318865B7556}
	EndGlobalSection
EndGlobal
